{
  "lockfile_version": "1",
  "packages": {
    "entr@latest": {
      "last_modified": "2025-03-11T17:52:14Z",
      "resolved": "github:NixOS/nixpkgs/0d534853a55b5d02a4ababa1d71921ce8f0aee4c#entr",
      "source": "devbox-search",
      "version": "5.7",
      "systems": {
        "aarch64-darwin": {
          "outputs": [
            {
              "name": "out",
              "path": "/nix/store/ahp3m6vvlwwm2hcz9n9sxj79ghfyvarm-entr-5.7",
              "default": true
            }
          ],
          "store_path": "/nix/store/ahp3m6vvlwwm2hcz9n9sxj79ghfyvarm-entr-5.7"
        },
        "aarch64-linux": {
          "outputs": [
            {
              "name": "out",
              "path": "/nix/store/xjc07i8knsrirmp7wxsqp92g2mpl301v-entr-5.7",
              "default": true
            }
          ],
          "store_path": "/nix/store/xjc07i8knsrirmp7wxsqp92g2mpl301v-entr-5.7"
        },
        "x86_64-darwin": {
          "outputs": [
            {
              "name": "out",
              "path": "/nix/store/k4cmrnzxdanvcz22nfwy8ys5w0fm13fb-entr-5.7",
              "default": true
            }
          ],
          "store_path": "/nix/store/k4cmrnzxdanvcz22nfwy8ys5w0fm13fb-entr-5.7"
        },
        "x86_64-linux": {
          "outputs": [
            {
              "name": "out",
              "path": "/nix/store/8rccwvc6ld5xkbs4j821vmd8rk0cs920-entr-5.7",
              "default": true
            }
          ],
          "store_path": "/nix/store/8rccwvc6ld5xkbs4j821vmd8rk0cs920-entr-5.7"
        }
      }
    },
    "github:NixOS/nixpkgs/nixpkgs-unstable": {
      "resolved": "github:NixOS/nixpkgs/25d1b84f5c90632a623c48d83a2faf156451e6b1?lastModified=1742923925&narHash=sha256-biPjLws6FiBVUUDHEMFq5pUQL84Wf7PntPYdo3oKkFw%3D"
    },
    "github:gren-lang/nix/0.6.0": {
      "last_modified": "2025-07-20T08:41:19Z",
      "resolved": "github:gren-lang/nix/ca77de0a436fddc6299dd5287b5aa3e3ea642b0f?lastModified=1753000879&narHash=sha256-COLL9CqAuVC%2FZxArQdm3G0NfNQDEGtWbiq7p5%2BgaGPY%3D"
    },
    "just@latest": {
      "last_modified": "2025-03-20T07:39:01Z",
      "resolved": "github:NixOS/nixpkgs/7344a3b78128f7b1765dba89060b015fb75431a7#just",
      "source": "devbox-search",
      "version": "1.40.0",
      "systems": {
        "aarch64-darwin": {
          "outputs": [
            {
              "name": "out",
              "path": "/nix/store/7s6jjr9yh3pjzzmfq9szl5byvd0zcm4r-just-1.40.0",
              "default": true
            },
            {
              "name": "man",
              "path": "/nix/store/kqxgdyrnd7h9vhsdyi04665i7c9c6h9q-just-1.40.0-man",
              "default": true
            },
            {
              "name": "doc",
              "path": "/nix/store/01x2fzbbv7gs152fk0qdpl67mk2caqnz-just-1.40.0-doc"
            }
          ],
          "store_path": "/nix/store/7s6jjr9yh3pjzzmfq9szl5byvd0zcm4r-just-1.40.0"
        },
        "aarch64-linux": {
          "outputs": [
            {
              "name": "out",
              "path": "/nix/store/i0zav6qnkikj0v440n9d8vn70ch3afan-just-1.40.0",
              "default": true
            },
            {
              "name": "man",
              "path": "/nix/store/ccia6l0vqg48mp4jwxchy88ildg6lp3a-just-1.40.0-man",
              "default": true
            },
            {
              "name": "doc",
              "path": "/nix/store/zfkkmq04b9km9px6ph5myxdandp0iy7l-just-1.40.0-doc"
            }
          ],
          "store_path": "/nix/store/i0zav6qnkikj0v440n9d8vn70ch3afan-just-1.40.0"
        },
        "x86_64-darwin": {
          "outputs": [
            {
              "name": "out",
              "path": "/nix/store/fl4nsvgy3si1396cxs4w1i21b2sshs4c-just-1.40.0",
              "default": true
            },
            {
              "name": "man",
              "path": "/nix/store/6wdy1cj4zq5fwbngdx8lyzyi65861242-just-1.40.0-man",
              "default": true
            },
            {
              "name": "doc",
              "path": "/nix/store/szwyj66avppjb9nq3k612shklrqzymis-just-1.40.0-doc"
            }
          ],
          "store_path": "/nix/store/fl4nsvgy3si1396cxs4w1i21b2sshs4c-just-1.40.0"
        },
        "x86_64-linux": {
          "outputs": [
            {
              "name": "out",
              "path": "/nix/store/61yk0f16bysq9pzm3dgyanbnxx4vylm7-just-1.40.0",
              "default": true
            },
            {
              "name": "man",
              "path": "/nix/store/8vyfrw5lc62bfk48pszj5d8c6f67cv5r-just-1.40.0-man",
              "default": true
            },
            {
              "name": "doc",
              "path": "/nix/store/lrissa28adlb43a2qcq379b7qsdfcdmr-just-1.40.0-doc"
            }
          ],
          "store_path": "/nix/store/61yk0f16bysq9pzm3dgyanbnxx4vylm7-just-1.40.0"
        }
      }
    },
    "nodejs@20": {
      "last_modified": "2025-03-16T23:54:35Z",
      "plugin_version": "0.0.2",
      "resolved": "github:NixOS/nixpkgs/5d9b5431f967007b3952c057fc92af49a4c5f3b2#nodejs_20",
      "source": "devbox-search",
      "version": "20.19.0",
      "systems": {
        "aarch64-darwin": {
          "outputs": [
            {
              "name": "out",
              "path": "/nix/store/4i96rnl7hdzm3k3w36gx7d2p1af3b64q-nodejs-20.19.0",
              "default": true
            },
            {
              "name": "libv8",
              "path": "/nix/store/dvr6jyyhygpci5yj5mdl3p0xi2qcm02g-nodejs-20.19.0-libv8"
            }
          ],
          "store_path": "/nix/store/4i96rnl7hdzm3k3w36gx7d2p1af3b64q-nodejs-20.19.0"
        },
        "aarch64-linux": {
          "outputs": [
            {
              "name": "out",
              "path": "/nix/store/vr3nq0bhrwlnm2prrcwk2m947smfpi87-nodejs-20.19.0",
              "default": true
            },
            {
              "name": "libv8",
              "path": "/nix/store/7xdmbic7ndn40ihqs9fgawcnr8x090nj-nodejs-20.19.0-libv8"
            }
          ],
          "store_path": "/nix/store/vr3nq0bhrwlnm2prrcwk2m947smfpi87-nodejs-20.19.0"
        },
        "x86_64-darwin": {
          "outputs": [
            {
              "name": "out",
              "path": "/nix/store/4k73p2z9h5rnfv9gal8n6m4srx5sggs8-nodejs-20.19.0",
              "default": true
            },
            {
              "name": "libv8",
              "path": "/nix/store/px89hqr3wcfk0w6146hf4171bvj4chgp-nodejs-20.19.0-libv8"
            }
          ],
          "store_path": "/nix/store/4k73p2z9h5rnfv9gal8n6m4srx5sggs8-nodejs-20.19.0"
        },
        "x86_64-linux": {
          "outputs": [
            {
              "name": "out",
              "path": "/nix/store/088a1y8kvrmvi7vm5ff67hg7c4hcnqg7-nodejs-20.19.0",
              "default": true
            },
            {
              "name": "libv8",
              "path": "/nix/store/njqqwr5311xmnm05ms3n7b8piwnyq7x1-nodejs-20.19.0-libv8"
            }
          ],
          "store_path": "/nix/store/088a1y8kvrmvi7vm5ff67hg7c4hcnqg7-nodejs-20.19.0"
        }
      }
    }
  }
}
